
Microsoft Visual Studio Solution File, Format Version 12.00
# Visual Studio Version 17
VisualStudioVersion = 17.1.32210.238
MinimumVisualStudioVersion = 10.0.40219.1
Project("{FAE04EC0-301F-11D3-BF4B-00C04F79EFBC}") = "Gas Monitoring", "Gas Monitoring\Gas Monitoring.csproj", "{670534D2-36CF-4409-9EF4-33747DA01CEC}"
EndProject
Global
	GlobalSection(SolutionConfigurationPlatforms) = preSolution
		Debug|Any CPU = Debug|Any CPU
		Release|Any CPU = Release|Any CPU
	EndGlobalSection
	GlobalSection(ProjectConfigurationPlatforms) = postSolution
		{670534D2-36CF-4409-9EF4-33747DA01CEC}.Debug|Any CPU.ActiveCfg = Debug|Any CPU
		{670534D2-36CF-4409-9EF4-33747DA01CEC}.Debug|Any CPU.Build.0 = Debug|Any CPU
		{670534D2-36CF-4409-9EF4-33747DA01CEC}.Release|Any CPU.ActiveCfg = Release|Any CPU
		{670534D2-36CF-4409-9EF4-33747DA01CEC}.Release|Any CPU.Build.0 = Release|Any CPU
	EndGlobalSection
	GlobalSection(SolutionProperties) = preSolution
		HideSolutionNode = FALSE
	EndGlobalSection
	GlobalSection(ExtensibilityGlobals) = postSolution
		SolutionGuid = {A0C0E4DA-5730-4CCE-B643-5764EB254042}
	EndGlobalSection
EndGlobal
